
Microsoft Visual Studio Solution File, Format Version 12.00
# Visual Studio Version 16
VisualStudioVersion = 16.0.29009.5
MinimumVisualStudioVersion = 10.0.40219.1
Project("{FAE04EC0-301F-11D3-BF4B-00C04F79EFBC}") = "Trabalho - B.D", "Trabalho - B.D\Trabalho - B.D.csproj", "{1964DC95-0908-4382-92E1-8E1445CCCC73}"
EndProject
Project("{2150E333-8FDC-42A3-9474-1A3956D46DE8}") = "Solution Items", "Solution Items", "{98FDDE49-126C-4A51-B720-DDB3D3CC2B90}"
	ProjectSection(SolutionItems) = preProject
		Galpão.mdf = Galpão.mdf
		Trabalho - B.D\Galpão_log.ldf = Trabalho - B.D\Galpão_log.ldf
		SQLQuery.sql = SQLQuery.sql
	EndProjectSection
EndProject
Global
	GlobalSection(SolutionConfigurationPlatforms) = preSolution
		Debug|Any CPU = Debug|Any CPU
		Release|Any CPU = Release|Any CPU
	EndGlobalSection
	GlobalSection(ProjectConfigurationPlatforms) = postSolution
		{1964DC95-0908-4382-92E1-8E1445CCCC73}.Debug|Any CPU.ActiveCfg = Debug|Any CPU
		{1964DC95-0908-4382-92E1-8E1445CCCC73}.Debug|Any CPU.Build.0 = Debug|Any CPU
		{1964DC95-0908-4382-92E1-8E1445CCCC73}.Release|Any CPU.ActiveCfg = Release|Any CPU
		{1964DC95-0908-4382-92E1-8E1445CCCC73}.Release|Any CPU.Build.0 = Release|Any CPU
	EndGlobalSection
	GlobalSection(SolutionProperties) = preSolution
		HideSolutionNode = FALSE
	EndGlobalSection
	GlobalSection(ExtensibilityGlobals) = postSolution
		SolutionGuid = {2FC0C957-3F60-4909-9600-69C730145F0D}
	EndGlobalSection
EndGlobal
